
Microsoft Visual Studio Solution File, Format Version 12.00
# Visual Studio Version 17
VisualStudioVersion = 17.8.34330.188
MinimumVisualStudioVersion = 10.0.40219.1
Project("{FAE04EC0-301F-11D3-BF4B-00C04F79EFBC}") = "Pi.Domain", "Pi.Domain\Pi.Domain.csproj", "{C4886D97-75F4-4752-A4A9-A981F3AB0574}"
EndProject
Project("{FAE04EC0-301F-11D3-BF4B-00C04F79EFBC}") = "Pi.Application", "Pi.Application\Pi.Application.csproj", "{5704F1AF-C2F6-4264-AD2F-7AE389301190}"
EndProject
Project("{FAE04EC0-301F-11D3-BF4B-00C04F79EFBC}") = "Pi.Infrastracture", "Pi.Infrastracture\Pi.Infrastracture.csproj", "{A28F4FB0-E44A-4E8E-BB5D-926216FAA170}"
EndProject
Project("{FAE04EC0-301F-11D3-BF4B-00C04F79EFBC}") = "Pi.API", "Pi.API\Pi.API.csproj", "{C8F5FAB0-76C2-470F-AED8-F68B6F6718E8}"
EndProject
Global
	GlobalSection(SolutionConfigurationPlatforms) = preSolution
		Debug|Any CPU = Debug|Any CPU
		Release|Any CPU = Release|Any CPU
	EndGlobalSection
	GlobalSection(ProjectConfigurationPlatforms) = postSolution
		{C4886D97-75F4-4752-A4A9-A981F3AB0574}.Debug|Any CPU.ActiveCfg = Debug|Any CPU
		{C4886D97-75F4-4752-A4A9-A981F3AB0574}.Debug|Any CPU.Build.0 = Debug|Any CPU
		{C4886D97-75F4-4752-A4A9-A981F3AB0574}.Release|Any CPU.ActiveCfg = Release|Any CPU
		{C4886D97-75F4-4752-A4A9-A981F3AB0574}.Release|Any CPU.Build.0 = Release|Any CPU
		{5704F1AF-C2F6-4264-AD2F-7AE389301190}.Debug|Any CPU.ActiveCfg = Debug|Any CPU
		{5704F1AF-C2F6-4264-AD2F-7AE389301190}.Debug|Any CPU.Build.0 = Debug|Any CPU
		{5704F1AF-C2F6-4264-AD2F-7AE389301190}.Release|Any CPU.ActiveCfg = Release|Any CPU
		{5704F1AF-C2F6-4264-AD2F-7AE389301190}.Release|Any CPU.Build.0 = Release|Any CPU
		{A28F4FB0-E44A-4E8E-BB5D-926216FAA170}.Debug|Any CPU.ActiveCfg = Debug|Any CPU
		{A28F4FB0-E44A-4E8E-BB5D-926216FAA170}.Debug|Any CPU.Build.0 = Debug|Any CPU
		{A28F4FB0-E44A-4E8E-BB5D-926216FAA170}.Release|Any CPU.ActiveCfg = Release|Any CPU
		{A28F4FB0-E44A-4E8E-BB5D-926216FAA170}.Release|Any CPU.Build.0 = Release|Any CPU
		{C8F5FAB0-76C2-470F-AED8-F68B6F6718E8}.Debug|Any CPU.ActiveCfg = Debug|Any CPU
		{C8F5FAB0-76C2-470F-AED8-F68B6F6718E8}.Debug|Any CPU.Build.0 = Debug|Any CPU
		{C8F5FAB0-76C2-470F-AED8-F68B6F6718E8}.Release|Any CPU.ActiveCfg = Release|Any CPU
		{C8F5FAB0-76C2-470F-AED8-F68B6F6718E8}.Release|Any CPU.Build.0 = Release|Any CPU
	EndGlobalSection
	GlobalSection(SolutionProperties) = preSolution
		HideSolutionNode = FALSE
	EndGlobalSection
	GlobalSection(ExtensibilityGlobals) = postSolution
		SolutionGuid = {E0F5C68E-500B-4CA3-8200-348182EAE5E3}
	EndGlobalSection
EndGlobal
